
Microsoft Visual Studio Solution File, Format Version 12.00
# Visual Studio 15
VisualStudioVersion = 15.0.27703.2035
MinimumVisualStudioVersion = 10.0.40219.1
Project("{FAE04EC0-301F-11D3-BF4B-00C04F79EFBC}") = "Lab7", "Lab7\Lab7.csproj", "{F6478855-299C-4A60-BB85-C43B149DF0E6}"
EndProject
Global
	GlobalSection(SolutionConfigurationPlatforms) = preSolution
		Debug|Any CPU = Debug|Any CPU
		Release|Any CPU = Release|Any CPU
	EndGlobalSection
	GlobalSection(ProjectConfigurationPlatforms) = postSolution
		{F6478855-299C-4A60-BB85-C43B149DF0E6}.Debug|Any CPU.ActiveCfg = Debug|Any CPU
		{F6478855-299C-4A60-BB85-C43B149DF0E6}.Debug|Any CPU.Build.0 = Debug|Any CPU
		{F6478855-299C-4A60-BB85-C43B149DF0E6}.Release|Any CPU.ActiveCfg = Release|Any CPU
		{F6478855-299C-4A60-BB85-C43B149DF0E6}.Release|Any CPU.Build.0 = Release|Any CPU
	EndGlobalSection
	GlobalSection(SolutionProperties) = preSolution
		HideSolutionNode = FALSE
	EndGlobalSection
	GlobalSection(ExtensibilityGlobals) = postSolution
		SolutionGuid = {EFC10DA6-0904-4EE6-9884-B6EC1361935B}
	EndGlobalSection
EndGlobal
